{
  "requires": true,
  "lockfileVersion": 1,
  "dependencies": {
    "fast-copy": {
      "version": "2.1.0",
      "resolved": "https://registry.npmjs.org/fast-copy/-/fast-copy-2.1.0.tgz",
      "integrity": "sha512-j4VxAVJsu9NHveYrIj0+nJxXe2lOlibKTlyy0jH8DBwcuV6QyXTy0zTqZhmMKo7EYvuaUk/BFj/o6NU6grE5ag=="
    }
  },
  "version": "1.0.3"
}
